
Microsoft Visual Studio Solution File, Format Version 12.00
# Visual Studio 15
VisualStudioVersion = 15.0.28010.2050
MinimumVisualStudioVersion = 10.0.40219.1
Project("{FAE04EC0-301F-11D3-BF4B-00C04F79EFBC}") = "APP_超晉線圈特性檢測機", "APP_超晉線圈特性檢測機\APP_超晉線圈特性檢測機.csproj", "{09523170-1994-44BA-968F-BCF93463A68F}"
EndProject
Global
	GlobalSection(SolutionConfigurationPlatforms) = preSolution
		Debug|Any CPU = Debug|Any CPU
		Release|Any CPU = Release|Any CPU
	EndGlobalSection
	GlobalSection(ProjectConfigurationPlatforms) = postSolution
		{09523170-1994-44BA-968F-BCF93463A68F}.Debug|Any CPU.ActiveCfg = Debug|Any CPU
		{09523170-1994-44BA-968F-BCF93463A68F}.Debug|Any CPU.Build.0 = Debug|Any CPU
		{09523170-1994-44BA-968F-BCF93463A68F}.Release|Any CPU.ActiveCfg = Release|Any CPU
		{09523170-1994-44BA-968F-BCF93463A68F}.Release|Any CPU.Build.0 = Release|Any CPU
	EndGlobalSection
	GlobalSection(SolutionProperties) = preSolution
		HideSolutionNode = FALSE
	EndGlobalSection
	GlobalSection(ExtensibilityGlobals) = postSolution
		SolutionGuid = {2A6EDA54-D2DD-4DF1-A9A4-C15BE2933665}
	EndGlobalSection
EndGlobal
